
Microsoft Visual Studio Solution File, Format Version 12.00
# Visual Studio Version 16
VisualStudioVersion = 16.0.30611.23
MinimumVisualStudioVersion = 10.0.40219.1
Project("{FAE04EC0-301F-11D3-BF4B-00C04F79EFBC}") = "RNGRecovertest", "RNGRecovertest\RNGRecovertest.csproj", "{9332B622-1028-444A-99BE-B1BD4C0C8984}"
EndProject
Global
	GlobalSection(SolutionConfigurationPlatforms) = preSolution
		Debug|Any CPU = Debug|Any CPU
		Release|Any CPU = Release|Any CPU
	EndGlobalSection
	GlobalSection(ProjectConfigurationPlatforms) = postSolution
		{9332B622-1028-444A-99BE-B1BD4C0C8984}.Debug|Any CPU.ActiveCfg = Debug|Any CPU
		{9332B622-1028-444A-99BE-B1BD4C0C8984}.Debug|Any CPU.Build.0 = Debug|Any CPU
		{9332B622-1028-444A-99BE-B1BD4C0C8984}.Release|Any CPU.ActiveCfg = Release|Any CPU
		{9332B622-1028-444A-99BE-B1BD4C0C8984}.Release|Any CPU.Build.0 = Release|Any CPU
	EndGlobalSection
	GlobalSection(SolutionProperties) = preSolution
		HideSolutionNode = FALSE
	EndGlobalSection
	GlobalSection(ExtensibilityGlobals) = postSolution
		SolutionGuid = {5D049FF6-F549-4C92-8C1A-43088CFA82FA}
	EndGlobalSection
EndGlobal
